
Microsoft Visual Studio Solution File, Format Version 12.00
# Visual Studio 15
VisualStudioVersion = 15.0.26124.0
MinimumVisualStudioVersion = 15.0.26124.0
Project("{2150E333-8FDC-42A3-9474-1A3956D46DE8}") = "src", "src", "{16CAF680-AFA2-44F8-849D-FA3523C18ED5}"
EndProject
Project("{2150E333-8FDC-42A3-9474-1A3956D46DE8}") = "Services", "Services", "{D9ED67A5-2E83-474E-B51B-90F321F489D4}"
EndProject
Project("{FAE04EC0-301F-11D3-BF4B-00C04F79EFBC}") = "Tickets.API", "src\Services\Tickets.API\Tickets.API.csproj", "{BD75C5DF-06A6-4205-9949-E5DE1DAB1578}"
EndProject
Global
	GlobalSection(SolutionConfigurationPlatforms) = preSolution
		Debug|Any CPU = Debug|Any CPU
		Debug|x64 = Debug|x64
		Debug|x86 = Debug|x86
		Release|Any CPU = Release|Any CPU
		Release|x64 = Release|x64
		Release|x86 = Release|x86
	EndGlobalSection
	GlobalSection(SolutionProperties) = preSolution
		HideSolutionNode = FALSE
	EndGlobalSection
	GlobalSection(ProjectConfigurationPlatforms) = postSolution
		{BD75C5DF-06A6-4205-9949-E5DE1DAB1578}.Debug|Any CPU.ActiveCfg = Debug|Any CPU
		{BD75C5DF-06A6-4205-9949-E5DE1DAB1578}.Debug|Any CPU.Build.0 = Debug|Any CPU
		{BD75C5DF-06A6-4205-9949-E5DE1DAB1578}.Debug|x64.ActiveCfg = Debug|Any CPU
		{BD75C5DF-06A6-4205-9949-E5DE1DAB1578}.Debug|x64.Build.0 = Debug|Any CPU
		{BD75C5DF-06A6-4205-9949-E5DE1DAB1578}.Debug|x86.ActiveCfg = Debug|Any CPU
		{BD75C5DF-06A6-4205-9949-E5DE1DAB1578}.Debug|x86.Build.0 = Debug|Any CPU
		{BD75C5DF-06A6-4205-9949-E5DE1DAB1578}.Release|Any CPU.ActiveCfg = Release|Any CPU
		{BD75C5DF-06A6-4205-9949-E5DE1DAB1578}.Release|Any CPU.Build.0 = Release|Any CPU
		{BD75C5DF-06A6-4205-9949-E5DE1DAB1578}.Release|x64.ActiveCfg = Release|Any CPU
		{BD75C5DF-06A6-4205-9949-E5DE1DAB1578}.Release|x64.Build.0 = Release|Any CPU
		{BD75C5DF-06A6-4205-9949-E5DE1DAB1578}.Release|x86.ActiveCfg = Release|Any CPU
		{BD75C5DF-06A6-4205-9949-E5DE1DAB1578}.Release|x86.Build.0 = Release|Any CPU
	EndGlobalSection
	GlobalSection(NestedProjects) = preSolution
		{D9ED67A5-2E83-474E-B51B-90F321F489D4} = {16CAF680-AFA2-44F8-849D-FA3523C18ED5}
		{BD75C5DF-06A6-4205-9949-E5DE1DAB1578} = {D9ED67A5-2E83-474E-B51B-90F321F489D4}
	EndGlobalSection
EndGlobal
